<?xml version="1.0" encoding="utf-8"?>
<Project ToolsVersion="4.0" xmlns="http://schemas.microsoft.com/developer/msbuild/2003">
  <ItemGroup>
    <Filter Include="리소스 파일">
      <UniqueIdentifier>{67DA6AB6-F800-4c08-8B7A-83BB121AAD01}</UniqueIdentifier>
      <Extensions>rc;ico;cur;bmp;dlg;rc2;rct;bin;rgs;gif;jpg;jpeg;jpe;resx;tiff;tif;png;wav;mfcribbon-ms</Extensions>
    </Filter>
    <Filter Include="소스 파일">
      <UniqueIdentifier>{b8f78df9-264f-4467-bddc-36b0796d8b17}</UniqueIdentifier>
    </Filter>
    <Filter Include="헤더 파일">
      <UniqueIdentifier>{41378cad-7660-41b6-97cb-b75207839815}</UniqueIdentifier>
    </Filter>
    <Filter Include="소스 파일\01. Game">
      <UniqueIdentifier>{f3216019-bd97-48ec-8191-751a14e7b7ff}</UniqueIdentifier>
    </Filter>
    <Filter Include="소스 파일\03. Item">
      <UniqueIdentifier>{dd1e1fa7-94e0-4791-bfab-609c3a929341}</UniqueIdentifier>
    </Filter>
    <Filter Include="소스 파일\03. Item\02. Armor">
      <UniqueIdentifier>{19780eae-0243-4a97-a39a-babcb513b27e}</UniqueIdentifier>
    </Filter>
    <Filter Include="소스 파일\03. Item\03. Potion">
      <UniqueIdentifier>{7a550f91-7845-42f8-bd34-cd8df1af5c34}</UniqueIdentifier>
    </Filter>
    <Filter Include="소스 파일\03. Item\01. Weapon">
      <UniqueIdentifier>{e7a62d16-4d1e-4a67-8bcf-ee22e53f05c7}</UniqueIdentifier>
    </Filter>
    <Filter Include="소스 파일\02. Entity">
      <UniqueIdentifier>{2cb324cc-038e-40a3-b1c6-01cf3652c338}</UniqueIdentifier>
    </Filter>
    <Filter Include="소스 파일\02. Entity\Creature">
      <UniqueIdentifier>{c6e5c22b-2115-40cd-bd9e-5f24ae282930}</UniqueIdentifier>
    </Filter>
    <Filter Include="소스 파일\02. Entity\Creature\Player">
      <UniqueIdentifier>{064085f0-1442-4bb3-9249-6a34387c99f4}</UniqueIdentifier>
    </Filter>
    <Filter Include="소스 파일\02. Entity\Creature\Monster">
      <UniqueIdentifier>{a01dde5a-90e8-4c3f-a60e-1b245ff49581}</UniqueIdentifier>
    </Filter>
  </ItemGroup>
  <ItemGroup>
    <ClCompile Include="CEntity.cpp">
      <Filter>소스 파일\02. Entity</Filter>
    </ClCompile>
    <ClCompile Include="CCreature.cpp">
      <Filter>소스 파일\02. Entity\Creature</Filter>
    </ClCompile>
    <ClCompile Include="CPlayer.cpp">
      <Filter>소스 파일\02. Entity\Creature\Player</Filter>
    </ClCompile>
    <ClCompile Include="CMonster.cpp">
      <Filter>소스 파일\02. Entity\Creature\Monster</Filter>
    </ClCompile>
    <ClCompile Include="CItem.cpp">
      <Filter>소스 파일\03. Item</Filter>
    </ClCompile>
    <ClCompile Include="CEquipment.cpp">
      <Filter>소스 파일\03. Item</Filter>
    </ClCompile>
    <ClCompile Include="CWeapon.cpp">
      <Filter>소스 파일\03. Item\01. Weapon</Filter>
    </ClCompile>
    <ClCompile Include="CArmor.cpp">
      <Filter>소스 파일\03. Item\02. Armor</Filter>
    </ClCompile>
    <ClCompile Include="CPotion.cpp">
      <Filter>소스 파일\03. Item\03. Potion</Filter>
    </ClCompile>
    <ClCompile Include="CNormalHpPotion.cpp">
      <Filter>소스 파일\03. Item\03. Potion</Filter>
    </ClCompile>
    <ClCompile Include="CMainGame.cpp">
      <Filter>소스 파일\01. Game</Filter>
    </ClCompile>
    <ClCompile Include="CField.cpp">
      <Filter>소스 파일\01. Game</Filter>
    </ClCompile>
    <ClCompile Include="CStore.cpp">
      <Filter>소스 파일\01. Game</Filter>
    </ClCompile>
    <ClCompile Include="CInventory.cpp">
      <Filter>소스 파일\01. Game</Filter>
    </ClCompile>
    <ClCompile Include="main.cpp">
      <Filter>소스 파일</Filter>
    </ClCompile>
    <ClCompile Include="CNormalMonster.cpp">
      <Filter>소스 파일\02. Entity\Creature\Monster</Filter>
    </ClCompile>
    <ClCompile Include="CEasyMonster.cpp">
      <Filter>소스 파일\02. Entity\Creature\Monster</Filter>
    </ClCompile>
    <ClCompile Include="CMaxHpPotion.cpp">
      <Filter>소스 파일\03. Item\03. Potion</Filter>
    </ClCompile>
  </ItemGroup>
  <ItemGroup>
    <ClInclude Include="CEntity.h">
      <Filter>소스 파일\02. Entity</Filter>
    </ClInclude>
    <ClInclude Include="CCreature.h">
      <Filter>소스 파일\02. Entity\Creature</Filter>
    </ClInclude>
    <ClInclude Include="Define.h">
      <Filter>헤더 파일</Filter>
    </ClInclude>
    <ClInclude Include="CPlayer.h">
      <Filter>소스 파일\02. Entity\Creature\Player</Filter>
    </ClInclude>
    <ClInclude Include="CMonster.h">
      <Filter>소스 파일\02. Entity\Creature\Monster</Filter>
    </ClInclude>
    <ClInclude Include="CItem.h">
      <Filter>소스 파일\03. Item</Filter>
    </ClInclude>
    <ClInclude Include="CEquipment.h">
      <Filter>소스 파일\03. Item</Filter>
    </ClInclude>
    <ClInclude Include="CWeapon.h">
      <Filter>소스 파일\03. Item\01. Weapon</Filter>
    </ClInclude>
    <ClInclude Include="CArmor.h">
      <Filter>소스 파일\03. Item\02. Armor</Filter>
    </ClInclude>
    <ClInclude Include="CPotion.h">
      <Filter>소스 파일\03. Item\03. Potion</Filter>
    </ClInclude>
    <ClInclude Include="CNormalHpPotion.h">
      <Filter>소스 파일\03. Item\03. Potion</Filter>
    </ClInclude>
    <ClInclude Include="CMainGame.h">
      <Filter>소스 파일\01. Game</Filter>
    </ClInclude>
    <ClInclude Include="CField.h">
      <Filter>소스 파일\01. Game</Filter>
    </ClInclude>
    <ClInclude Include="CStore.h">
      <Filter>소스 파일\01. Game</Filter>
    </ClInclude>
    <ClInclude Include="CInventory.h">
      <Filter>소스 파일\01. Game</Filter>
    </ClInclude>
    <ClInclude Include="CEasyMonster.h">
      <Filter>소스 파일\02. Entity\Creature\Monster</Filter>
    </ClInclude>
    <ClInclude Include="CNormalMonster.h">
      <Filter>소스 파일\02. Entity\Creature\Monster</Filter>
    </ClInclude>
    <ClInclude Include="pch.h">
      <Filter>헤더 파일</Filter>
    </ClInclude>
    <ClInclude Include="CMaxHpPotion.h">
      <Filter>소스 파일\03. Item\03. Potion</Filter>
    </ClInclude>
  </ItemGroup>
</Project>